// !$*UTF8*$!
{
	archiveVersion = 1;
	classes = {
	};
	objectVersion = 50;
	objects = {

/* Begin PBXBuildFile section */
		6C2EBAAA25A7AAC900A6445B /* AppDelegate.swift in Sources */ = {isa = PBXBuildFile; fileRef = 6C2EBAA925A7AAC900A6445B /* AppDelegate.swift */; };
		6C2EBAAC25A7AAC900A6445B /* SceneDelegate.swift in Sources */ = {isa = PBXBuildFile; fileRef = 6C2EBAAB25A7AAC900A6445B /* SceneDelegate.swift */; };
		6C2EBAAE25A7AAC900A6445B /* HomeLoginViewController.swift in Sources */ = {isa = PBXBuildFile; fileRef = 6C2EBAAD25A7AAC900A6445B /* HomeLoginViewController.swift */; };
		6C2EBAB125A7AAC900A6445B /* Main.storyboard in Resources */ = {isa = PBXBuildFile; fileRef = 6C2EBAAF25A7AAC900A6445B /* Main.storyboard */; };
		6C2EBAB325A7AACA00A6445B /* Assets.xcassets in Resources */ = {isa = PBXBuildFile; fileRef = 6C2EBAB225A7AACA00A6445B /* Assets.xcassets */; };
		6C2EBAB625A7AACA00A6445B /* LaunchScreen.storyboard in Resources */ = {isa = PBXBuildFile; fileRef = 6C2EBAB425A7AACA00A6445B /* LaunchScreen.storyboard */; };
		6C2EBABF25A7ABEE00A6445B /* MenuViewController.swift in Sources */ = {isa = PBXBuildFile; fileRef = 6C2EBABE25A7ABEE00A6445B /* MenuViewController.swift */; };
		6C2EBAE825A7DB4600A6445B /* RegistroViewController.swift in Sources */ = {isa = PBXBuildFile; fileRef = 6C2EBAE725A7DB4600A6445B /* RegistroViewController.swift */; };
		6C79DE4525AF57C500BBC3CD /* EditarPerfilViewController.swift in Sources */ = {isa = PBXBuildFile; fileRef = 6C79DE4425AF57C500BBC3CD /* EditarPerfilViewController.swift */; };
		6C79DE5025AF5DA900BBC3CD /* ArchivosViewController.swift in Sources */ = {isa = PBXBuildFile; fileRef = 6C79DE4F25AF5DA900BBC3CD /* ArchivosViewController.swift */; };
		6C79DE5325AF5DB600BBC3CD /* NosotrosViewController.swift in Sources */ = {isa = PBXBuildFile; fileRef = 6C79DE5225AF5DB600BBC3CD /* NosotrosViewController.swift */; };
		6C79DE5625AF5DC000BBC3CD /* ClimaViewController.swift in Sources */ = {isa = PBXBuildFile; fileRef = 6C79DE5525AF5DC000BBC3CD /* ClimaViewController.swift */; };
		6C79DE5925AF5DE200BBC3CD /* UbicanosViewController.swift in Sources */ = {isa = PBXBuildFile; fileRef = 6C79DE5825AF5DE200BBC3CD /* UbicanosViewController.swift */; };
		6C79DE7E25AF715F00BBC3CD /* DetalleArchivoViewController.swift in Sources */ = {isa = PBXBuildFile; fileRef = 6C79DE7D25AF715F00BBC3CD /* DetalleArchivoViewController.swift */; };
		6CC0979025A7E24200A6F4BE /* LoginViewController.swift in Sources */ = {isa = PBXBuildFile; fileRef = 6CC0978F25A7E24200A6F4BE /* LoginViewController.swift */; };
		6CC0979325A7F8F000A6F4BE /* DesignableView.swift in Sources */ = {isa = PBXBuildFile; fileRef = 6CC0979225A7F8F000A6F4BE /* DesignableView.swift */; };
		8A602BD325C74EB100494F6E /* ClimaManager.swift in Sources */ = {isa = PBXBuildFile; fileRef = 8A602BD225C74EB100494F6E /* ClimaManager.swift */; };
		8A602BD625C7503600494F6E /* ClimaData.swift in Sources */ = {isa = PBXBuildFile; fileRef = 8A602BD525C7503500494F6E /* ClimaData.swift */; };
		8A602BD925C7505700494F6E /* ClimaModelo.swift in Sources */ = {isa = PBXBuildFile; fileRef = 8A602BD825C7505600494F6E /* ClimaModelo.swift */; };
/* End PBXBuildFile section */

/* Begin PBXFileReference section */
		6C2EBAA625A7AAC900A6445B /* EsqueletonProject.app */ = {isa = PBXFileReference; explicitFileType = wrapper.application; includeInIndex = 0; path = EsqueletonProject.app; sourceTree = BUILT_PRODUCTS_DIR; };
		6C2EBAA925A7AAC900A6445B /* AppDelegate.swift */ = {isa = PBXFileReference; lastKnownFileType = sourcecode.swift; path = AppDelegate.swift; sourceTree = "<group>"; };
		6C2EBAAB25A7AAC900A6445B /* SceneDelegate.swift */ = {isa = PBXFileReference; lastKnownFileType = sourcecode.swift; path = SceneDelegate.swift; sourceTree = "<group>"; };
		6C2EBAAD25A7AAC900A6445B /* HomeLoginViewController.swift */ = {isa = PBXFileReference; lastKnownFileType = sourcecode.swift; path = HomeLoginViewController.swift; sourceTree = "<group>"; };
		6C2EBAB025A7AAC900A6445B /* Base */ = {isa = PBXFileReference; lastKnownFileType = file.storyboard; name = Base; path = Base.lproj/Main.storyboard; sourceTree = "<group>"; };
		6C2EBAB225A7AACA00A6445B /* Assets.xcassets */ = {isa = PBXFileReference; lastKnownFileType = folder.assetcatalog; path = Assets.xcassets; sourceTree = "<group>"; };
		6C2EBAB525A7AACA00A6445B /* Base */ = {isa = PBXFileReference; lastKnownFileType = file.storyboard; name = Base; path = Base.lproj/LaunchScreen.storyboard; sourceTree = "<group>"; };
		6C2EBAB725A7AACA00A6445B /* Info.plist */ = {isa = PBXFileReference; lastKnownFileType = text.plist.xml; path = Info.plist; sourceTree = "<group>"; };
		6C2EBABE25A7ABEE00A6445B /* MenuViewController.swift */ = {isa = PBXFileReference; lastKnownFileType = sourcecode.swift; path = MenuViewController.swift; sourceTree = "<group>"; };
		6C2EBAE725A7DB4600A6445B /* RegistroViewController.swift */ = {isa = PBXFileReference; lastKnownFileType = sourcecode.swift; path = RegistroViewController.swift; sourceTree = "<group>"; };
		6C79DE4425AF57C500BBC3CD /* EditarPerfilViewController.swift */ = {isa = PBXFileReference; lastKnownFileType = sourcecode.swift; path = EditarPerfilViewController.swift; sourceTree = "<group>"; };
		6C79DE4F25AF5DA900BBC3CD /* ArchivosViewController.swift */ = {isa = PBXFileReference; lastKnownFileType = sourcecode.swift; path = ArchivosViewController.swift; sourceTree = "<group>"; };
		6C79DE5225AF5DB600BBC3CD /* NosotrosViewController.swift */ = {isa = PBXFileReference; lastKnownFileType = sourcecode.swift; path = NosotrosViewController.swift; sourceTree = "<group>"; };
		6C79DE5525AF5DC000BBC3CD /* ClimaViewController.swift */ = {isa = PBXFileReference; lastKnownFileType = sourcecode.swift; path = ClimaViewController.swift; sourceTree = "<group>"; };
		6C79DE5825AF5DE200BBC3CD /* UbicanosViewController.swift */ = {isa = PBXFileReference; lastKnownFileType = sourcecode.swift; path = UbicanosViewController.swift; sourceTree = "<group>"; };
		6C79DE7D25AF715F00BBC3CD /* DetalleArchivoViewController.swift */ = {isa = PBXFileReference; lastKnownFileType = sourcecode.swift; path = DetalleArchivoViewController.swift; sourceTree = "<group>"; };
		6CC0978F25A7E24200A6F4BE /* LoginViewController.swift */ = {isa = PBXFileReference; lastKnownFileType = sourcecode.swift; path = LoginViewController.swift; sourceTree = "<group>"; };
		6CC0979225A7F8F000A6F4BE /* DesignableView.swift */ = {isa = PBXFileReference; lastKnownFileType = sourcecode.swift; path = DesignableView.swift; sourceTree = "<group>"; };
		8A602BD225C74EB100494F6E /* ClimaManager.swift */ = {isa = PBXFileReference; fileEncoding = 4; lastKnownFileType = sourcecode.swift; path = ClimaManager.swift; sourceTree = "<group>"; };
		8A602BD525C7503500494F6E /* ClimaData.swift */ = {isa = PBXFileReference; fileEncoding = 4; lastKnownFileType = sourcecode.swift; path = ClimaData.swift; sourceTree = "<group>"; };
		8A602BD825C7505600494F6E /* ClimaModelo.swift */ = {isa = PBXFileReference; fileEncoding = 4; lastKnownFileType = sourcecode.swift; path = ClimaModelo.swift; sourceTree = "<group>"; };
/* End PBXFileReference section */

/* Begin PBXFrameworksBuildPhase section */
		6C2EBAA325A7AAC900A6445B /* Frameworks */ = {
			isa = PBXFrameworksBuildPhase;
			buildActionMask = 2147483647;
			files = (
			);
			runOnlyForDeploymentPostprocessing = 0;
		};
/* End PBXFrameworksBuildPhase section */

/* Begin PBXGroup section */
		6C2EBA9D25A7AAC900A6445B = {
			isa = PBXGroup;
			children = (
				6C2EBAA825A7AAC900A6445B /* EsqueletonProject */,
				6C2EBAA725A7AAC900A6445B /* Products */,
			);
			sourceTree = "<group>";
		};
		6C2EBAA725A7AAC900A6445B /* Products */ = {
			isa = PBXGroup;
			children = (
				6C2EBAA625A7AAC900A6445B /* EsqueletonProject.app */,
			);
			name = Products;
			sourceTree = "<group>";
		};
		6C2EBAA825A7AAC900A6445B /* EsqueletonProject */ = {
			isa = PBXGroup;
			children = (
				6C2EBAA925A7AAC900A6445B /* AppDelegate.swift */,
				6C2EBAAB25A7AAC900A6445B /* SceneDelegate.swift */,
				6C2EBAAD25A7AAC900A6445B /* HomeLoginViewController.swift */,
				6C2EBAAF25A7AAC900A6445B /* Main.storyboard */,
				6C2EBAB225A7AACA00A6445B /* Assets.xcassets */,
				6C2EBAB425A7AACA00A6445B /* LaunchScreen.storyboard */,
				6C2EBAB725A7AACA00A6445B /* Info.plist */,
				6C2EBABE25A7ABEE00A6445B /* MenuViewController.swift */,
				6C2EBAE725A7DB4600A6445B /* RegistroViewController.swift */,
				6CC0978F25A7E24200A6F4BE /* LoginViewController.swift */,
				6CC0979225A7F8F000A6F4BE /* DesignableView.swift */,
				6C79DE4425AF57C500BBC3CD /* EditarPerfilViewController.swift */,
				6C79DE4F25AF5DA900BBC3CD /* ArchivosViewController.swift */,
				8A602BD525C7503500494F6E /* ClimaData.swift */,
				8A602BD825C7505600494F6E /* ClimaModelo.swift */,
				6C79DE5225AF5DB600BBC3CD /* NosotrosViewController.swift */,
				8A602BD225C74EB100494F6E /* ClimaManager.swift */,
				6C79DE5525AF5DC000BBC3CD /* ClimaViewController.swift */,
				6C79DE5825AF5DE200BBC3CD /* UbicanosViewController.swift */,
				6C79DE7D25AF715F00BBC3CD /* DetalleArchivoViewController.swift */,
			);
			path = EsqueletonProject;
			sourceTree = "<group>";
		};
/* End PBXGroup section */

/* Begin PBXNativeTarget section */
		6C2EBAA525A7AAC900A6445B /* EsqueletonProject */ = {
			isa = PBXNativeTarget;
			buildConfigurationList = 6C2EBABA25A7AACA00A6445B /* Build configuration list for PBXNativeTarget "EsqueletonProject" */;
			buildPhases = (
				6C2EBAA225A7AAC900A6445B /* Sources */,
				6C2EBAA325A7AAC900A6445B /* Frameworks */,
				6C2EBAA425A7AAC900A6445B /* Resources */,
			);
			buildRules = (
			);
			dependencies = (
			);
			name = EsqueletonProject;
			productName = EsqueletonProject;
			productReference = 6C2EBAA625A7AAC900A6445B /* EsqueletonProject.app */;
			productType = "com.apple.product-type.application";
		};
/* End PBXNativeTarget section */

/* Begin PBXProject section */
		6C2EBA9E25A7AAC900A6445B /* Project object */ = {
			isa = PBXProject;
			attributes = {
				LastSwiftUpdateCheck = 1230;
				LastUpgradeCheck = 1230;
				TargetAttributes = {
					6C2EBAA525A7AAC900A6445B = {
						CreatedOnToolsVersion = 12.3;
					};
				};
			};
			buildConfigurationList = 6C2EBAA125A7AAC900A6445B /* Build configuration list for PBXProject "EsqueletonProject" */;
			compatibilityVersion = "Xcode 9.3";
			developmentRegion = en;
			hasScannedForEncodings = 0;
			knownRegions = (
				en,
				Base,
			);
			mainGroup = 6C2EBA9D25A7AAC900A6445B;
			productRefGroup = 6C2EBAA725A7AAC900A6445B /* Products */;
			projectDirPath = "";
			projectRoot = "";
			targets = (
				6C2EBAA525A7AAC900A6445B /* EsqueletonProject */,
			);
		};
/* End PBXProject section */

/* Begin PBXResourcesBuildPhase section */
		6C2EBAA425A7AAC900A6445B /* Resources */ = {
			isa = PBXResourcesBuildPhase;
			buildActionMask = 2147483647;
			files = (
				6C2EBAB625A7AACA00A6445B /* LaunchScreen.storyboard in Resources */,
				6C2EBAB325A7AACA00A6445B /* Assets.xcassets in Resources */,
				6C2EBAB125A7AAC900A6445B /* Main.storyboard in Resources */,
			);
			runOnlyForDeploymentPostprocessing = 0;
		};
/* End PBXResourcesBuildPhase section */

/* Begin PBXSourcesBuildPhase section */
		6C2EBAA225A7AAC900A6445B /* Sources */ = {
			isa = PBXSourcesBuildPhase;
			buildActionMask = 2147483647;
			files = (
				6CC0979025A7E24200A6F4BE /* LoginViewController.swift in Sources */,
				6C79DE7E25AF715F00BBC3CD /* DetalleArchivoViewController.swift in Sources */,
				8A602BD925C7505700494F6E /* ClimaModelo.swift in Sources */,
				6C79DE5925AF5DE200BBC3CD /* UbicanosViewController.swift in Sources */,
				6C79DE5025AF5DA900BBC3CD /* ArchivosViewController.swift in Sources */,
				8A602BD625C7503600494F6E /* ClimaData.swift in Sources */,
				6C2EBAAE25A7AAC900A6445B /* HomeLoginViewController.swift in Sources */,
				6C79DE4525AF57C500BBC3CD /* EditarPerfilViewController.swift in Sources */,
				6C79DE5625AF5DC000BBC3CD /* ClimaViewController.swift in Sources */,
				6C2EBAAA25A7AAC900A6445B /* AppDelegate.swift in Sources */,
				6C79DE5325AF5DB600BBC3CD /* NosotrosViewController.swift in Sources */,
				6C2EBAAC25A7AAC900A6445B /* SceneDelegate.swift in Sources */,
				8A602BD325C74EB100494F6E /* ClimaManager.swift in Sources */,
				6C2EBAE825A7DB4600A6445B /* RegistroViewController.swift in Sources */,
				6CC0979325A7F8F000A6F4BE /* DesignableView.swift in Sources */,
				6C2EBABF25A7ABEE00A6445B /* MenuViewController.swift in Sources */,
			);
			runOnlyForDeploymentPostprocessing = 0;
		};
/* End PBXSourcesBuildPhase section */

/* Begin PBXVariantGroup section */
		6C2EBAAF25A7AAC900A6445B /* Main.storyboard */ = {
			isa = PBXVariantGroup;
			children = (
				6C2EBAB025A7AAC900A6445B /* Base */,
			);
			name = Main.storyboard;
			sourceTree = "<group>";
		};
		6C2EBAB425A7AACA00A6445B /* LaunchScreen.storyboard */ = {
			isa = PBXVariantGroup;
			children = (
				6C2EBAB525A7AACA00A6445B /* Base */,
			);
			name = LaunchScreen.storyboard;
			sourceTree = "<group>";
		};
/* End PBXVariantGroup section */

/* Begin XCBuildConfiguration section */
		6C2EBAB825A7AACA00A6445B /* Debug */ = {
			isa = XCBuildConfiguration;
			buildSettings = {
				ALWAYS_SEARCH_USER_PATHS = NO;
				CLANG_ANALYZER_NONNULL = YES;
				CLANG_ANALYZER_NUMBER_OBJECT_CONVERSION = YES_AGGRESSIVE;
				CLANG_CXX_LANGUAGE_STANDARD = "gnu++14";
				CLANG_CXX_LIBRARY = "libc++";
				CLANG_ENABLE_MODULES = YES;
				CLANG_ENABLE_OBJC_ARC = YES;
				CLANG_ENABLE_OBJC_WEAK = YES;
				CLANG_WARN_BLOCK_CAPTURE_AUTORELEASING = YES;
				CLANG_WARN_BOOL_CONVERSION = YES;
				CLANG_WARN_COMMA = YES;
				CLANG_WARN_CONSTANT_CONVERSION = YES;
				CLANG_WARN_DEPRECATED_OBJC_IMPLEMENTATIONS = YES;
				CLANG_WARN_DIRECT_OBJC_ISA_USAGE = YES_ERROR;
				CLANG_WARN_DOCUMENTATION_COMMENTS = YES;
				CLANG_WARN_EMPTY_BODY = YES;
				CLANG_WARN_ENUM_CONVERSION = YES;
				CLANG_WARN_INFINITE_RECURSION = YES;
				CLANG_WARN_INT_CONVERSION = YES;
				CLANG_WARN_NON_LITERAL_NULL_CONVERSION = YES;
				CLANG_WARN_OBJC_IMPLICIT_RETAIN_SELF = YES;
				CLANG_WARN_OBJC_LITERAL_CONVERSION = YES;
				CLANG_WARN_OBJC_ROOT_CLASS = YES_ERROR;
				CLANG_WARN_QUOTED_INCLUDE_IN_FRAMEWORK_HEADER = YES;
				CLANG_WARN_RANGE_LOOP_ANALYSIS = YES;
				CLANG_WARN_STRICT_PROTOTYPES = YES;
				CLANG_WARN_SUSPICIOUS_MOVE = YES;
				CLANG_WARN_UNGUARDED_AVAILABILITY = YES_AGGRESSIVE;
				CLANG_WARN_UNREACHABLE_CODE = YES;
				CLANG_WARN__DUPLICATE_METHOD_MATCH = YES;
				COPY_PHASE_STRIP = NO;
				DEBUG_INFORMATION_FORMAT = dwarf;
				ENABLE_STRICT_OBJC_MSGSEND = YES;
				ENABLE_TESTABILITY = YES;
				GCC_C_LANGUAGE_STANDARD = gnu11;
				GCC_DYNAMIC_NO_PIC = NO;
				GCC_NO_COMMON_BLOCKS = YES;
				GCC_OPTIMIZATION_LEVEL = 0;
				GCC_PREPROCESSOR_DEFINITIONS = (
					"DEBUG=1",
					"$(inherited)",
				);
				GCC_WARN_64_TO_32_BIT_CONVERSION = YES;
				GCC_WARN_ABOUT_RETURN_TYPE = YES_ERROR;
				GCC_WARN_UNDECLARED_SELECTOR = YES;
				GCC_WARN_UNINITIALIZED_AUTOS = YES_AGGRESSIVE;
				GCC_WARN_UNUSED_FUNCTION = YES;
				GCC_WARN_UNUSED_VARIABLE = YES;
				IPHONEOS_DEPLOYMENT_TARGET = 14.3;
				MTL_ENABLE_DEBUG_INFO = INCLUDE_SOURCE;
				MTL_FAST_MATH = YES;
				ONLY_ACTIVE_ARCH = YES;
				SDKROOT = iphoneos;
				SWIFT_ACTIVE_COMPILATION_CONDITIONS = DEBUG;
				SWIFT_OPTIMIZATION_LEVEL = "-Onone";
			};
			name = Debug;
		};
		6C2EBAB925A7AACA00A6445B /* Release */ = {
			isa = XCBuildConfiguration;
			buildSettings = {
				ALWAYS_SEARCH_USER_PATHS = NO;
				CLANG_ANALYZER_NONNULL = YES;
				CLANG_ANALYZER_NUMBER_OBJECT_CONVERSION = YES_AGGRESSIVE;
				CLANG_CXX_LANGUAGE_STANDARD = "gnu++14";
				CLANG_CXX_LIBRARY = "libc++";
				CLANG_ENABLE_MODULES = YES;
				CLANG_ENABLE_OBJC_ARC = YES;
				CLANG_ENABLE_OBJC_WEAK = YES;
				CLANG_WARN_BLOCK_CAPTURE_AUTORELEASING = YES;
				CLANG_WARN_BOOL_CONVERSION = YES;
				CLANG_WARN_COMMA = YES;
				CLANG_WARN_CONSTANT_CONVERSION = YES;
				CLANG_WARN_DEPRECATED_OBJC_IMPLEMENTATIONS = YES;
				CLANG_WARN_DIRECT_OBJC_ISA_USAGE = YES_ERROR;
				CLANG_WARN_DOCUMENTATION_COMMENTS = YES;
				CLANG_WARN_EMPTY_BODY = YES;
				CLANG_WARN_ENUM_CONVERSION = YES;
				CLANG_WARN_INFINITE_RECURSION = YES;
				CLANG_WARN_INT_CONVERSION = YES;
				CLANG_WARN_NON_LITERAL_NULL_CONVERSION = YES;
				CLANG_WARN_OBJC_IMPLICIT_RETAIN_SELF = YES;
				CLANG_WARN_OBJC_LITERAL_CONVERSION = YES;
				CLANG_WARN_OBJC_ROOT_CLASS = YES_ERROR;
				CLANG_WARN_QUOTED_INCLUDE_IN_FRAMEWORK_HEADER = YES;
				CLANG_WARN_RANGE_LOOP_ANALYSIS = YES;
				CLANG_WARN_STRICT_PROTOTYPES = YES;
				CLANG_WARN_SUSPICIOUS_MOVE = YES;
				CLANG_WARN_UNGUARDED_AVAILABILITY = YES_AGGRESSIVE;
				CLANG_WARN_UNREACHABLE_CODE = YES;
				CLANG_WARN__DUPLICATE_METHOD_MATCH = YES;
				COPY_PHASE_STRIP = NO;
				DEBUG_INFORMATION_FORMAT = "dwarf-with-dsym";
				ENABLE_NS_ASSERTIONS = NO;
				ENABLE_STRICT_OBJC_MSGSEND = YES;
				GCC_C_LANGUAGE_STANDARD = gnu11;
				GCC_NO_COMMON_BLOCKS = YES;
				GCC_WARN_64_TO_32_BIT_CONVERSION = YES;
				GCC_WARN_ABOUT_RETURN_TYPE = YES_ERROR;
				GCC_WARN_UNDECLARED_SELECTOR = YES;
				GCC_WARN_UNINITIALIZED_AUTOS = YES_AGGRESSIVE;
				GCC_WARN_UNUSED_FUNCTION = YES;
				GCC_WARN_UNUSED_VARIABLE = YES;
				IPHONEOS_DEPLOYMENT_TARGET = 14.3;
				MTL_ENABLE_DEBUG_INFO = NO;
				MTL_FAST_MATH = YES;
				SDKROOT = iphoneos;
				SWIFT_COMPILATION_MODE = wholemodule;
				SWIFT_OPTIMIZATION_LEVEL = "-O";
				VALIDATE_PRODUCT = YES;
			};
			name = Release;
		};
		6C2EBABB25A7AACA00A6445B /* Debug */ = {
			isa = XCBuildConfiguration;
			buildSettings = {
				ASSETCATALOG_COMPILER_APPICON_NAME = AppIcon;
				ASSETCATALOG_COMPILER_GLOBAL_ACCENT_COLOR_NAME = AccentColor;
				CODE_SIGN_STYLE = Automatic;
				DEVELOPMENT_TEAM = 7VL5533SK6;
				INFOPLIST_FILE = EsqueletonProject/Info.plist;
				LD_RUNPATH_SEARCH_PATHS = (
					"$(inherited)",
					"@executable_path/Frameworks",
				);
				PRODUCT_BUNDLE_IDENTIFIER = com.MarcoAlonso.EsqueletonProject;
				PRODUCT_NAME = "$(TARGET_NAME)";
				SWIFT_VERSION = 5.0;
				TARGETED_DEVICE_FAMILY = "1,2";
			};
			name = Debug;
		};
		6C2EBABC25A7AACA00A6445B /* Release */ = {
			isa = XCBuildConfiguration;
			buildSettings = {
				ASSETCATALOG_COMPILER_APPICON_NAME = AppIcon;
				ASSETCATALOG_COMPILER_GLOBAL_ACCENT_COLOR_NAME = AccentColor;
				CODE_SIGN_STYLE = Automatic;
				DEVELOPMENT_TEAM = 7VL5533SK6;
				INFOPLIST_FILE = EsqueletonProject/Info.plist;
				LD_RUNPATH_SEARCH_PATHS = (
					"$(inherited)",
					"@executable_path/Frameworks",
				);
				PRODUCT_BUNDLE_IDENTIFIER = com.MarcoAlonso.EsqueletonProject;
				PRODUCT_NAME = "$(TARGET_NAME)";
				SWIFT_VERSION = 5.0;
				TARGETED_DEVICE_FAMILY = "1,2";
			};
			name = Release;
		};
/* End XCBuildConfiguration section */

/* Begin XCConfigurationList section */
		6C2EBAA125A7AAC900A6445B /* Build configuration list for PBXProject "EsqueletonProject" */ = {
			isa = XCConfigurationList;
			buildConfigurations = (
				6C2EBAB825A7AACA00A6445B /* Debug */,
				6C2EBAB925A7AACA00A6445B /* Release */,
			);
			defaultConfigurationIsVisible = 0;
			defaultConfigurationName = Release;
		};
		6C2EBABA25A7AACA00A6445B /* Build configuration list for PBXNativeTarget "EsqueletonProject" */ = {
			isa = XCConfigurationList;
			buildConfigurations = (
				6C2EBABB25A7AACA00A6445B /* Debug */,
				6C2EBABC25A7AACA00A6445B /* Release */,
			);
			defaultConfigurationIsVisible = 0;
			defaultConfigurationName = Release;
		};
/* End XCConfigurationList section */
	};
	rootObject = 6C2EBA9E25A7AAC900A6445B /* Project object */;
}
